
Microsoft Visual Studio Solution File, Format Version 12.00
# Visual Studio 14
VisualStudioVersion = 14.0.25420.1
MinimumVisualStudioVersion = 10.0.40219.1
Project("{FAE04EC0-301F-11D3-BF4B-00C04F79EFBC}") = "DotNet.Utilities.Security", "DotNet.Utilities.Security\DotNet.Utilities.Security.csproj", "{6601A3D5-2F47-48D9-9AE1-C65540D939D3}"
EndProject
Project("{FAE04EC0-301F-11D3-BF4B-00C04F79EFBC}") = "DotNet.Utilities.Security.Test", "DotNet.Utilities.Security.Test\DotNet.Utilities.Security.Test.csproj", "{2C9B5BFF-4508-4E1D-94F5-5F4B163B5B73}"
EndProject
Global
	GlobalSection(SolutionConfigurationPlatforms) = preSolution
		Debug|Any CPU = Debug|Any CPU
		Release|Any CPU = Release|Any CPU
	EndGlobalSection
	GlobalSection(ProjectConfigurationPlatforms) = postSolution
		{6601A3D5-2F47-48D9-9AE1-C65540D939D3}.Debug|Any CPU.ActiveCfg = Debug|Any CPU
		{6601A3D5-2F47-48D9-9AE1-C65540D939D3}.Debug|Any CPU.Build.0 = Debug|Any CPU
		{6601A3D5-2F47-48D9-9AE1-C65540D939D3}.Release|Any CPU.ActiveCfg = Release|Any CPU
		{6601A3D5-2F47-48D9-9AE1-C65540D939D3}.Release|Any CPU.Build.0 = Release|Any CPU
		{2C9B5BFF-4508-4E1D-94F5-5F4B163B5B73}.Debug|Any CPU.ActiveCfg = Debug|Any CPU
		{2C9B5BFF-4508-4E1D-94F5-5F4B163B5B73}.Debug|Any CPU.Build.0 = Debug|Any CPU
		{2C9B5BFF-4508-4E1D-94F5-5F4B163B5B73}.Release|Any CPU.ActiveCfg = Release|Any CPU
		{2C9B5BFF-4508-4E1D-94F5-5F4B163B5B73}.Release|Any CPU.Build.0 = Release|Any CPU
	EndGlobalSection
	GlobalSection(SolutionProperties) = preSolution
		HideSolutionNode = FALSE
	EndGlobalSection
EndGlobal
